SITE
  remote: http://community.opscode.com/api/v1
  specs:
    apt (2.3.8)
    chef-solo-search (0.5.1)
    openvpn (2.1.0)
      yum (~> 3.0)
      yum-epel (>= 0.0.0)
    yum (3.1.4)
    yum-epel (0.3.4)
      yum (~> 3.0)

DEPENDENCIES
  apt (= 2.3.8)
  chef-solo-search (= 0.5.1)
  openvpn (= 2.1.0)

